{
    "name": "reply-hubble-bot",
    "version": "1.0.0",
    "lockfileVersion": 2,
    "requires": true,
    "packages": {
        "": {
            "version": "1.0.0",
            "license": "GPL-3.0-or-later",
            "dependencies": {
                "typescript": "^4.3.5",
                "yaml": "^1.10.2"
            },
            "devDependencies": {
                "@types/node": "^16.6.1",
                "@types/yaml": "^1.9.7"
            }
        },
        "node_modules/@types/node": {
            "version": "16.7.6",
            "resolved": "https://registry.npmjs.org/@types/node/-/node-16.7.6.tgz",
            "integrity": "sha512-VESVNFoa/ahYA62xnLBjo5ur6gPsgEE5cNRy8SrdnkZ2nwJSW0kJ4ufbFr2zuU9ALtHM8juY53VcRoTA7htXSg==",
            "dev": true
        },
        "node_modules/@types/yaml": {
            "version": "1.9.7",
            "resolved": "https://registry.npmjs.org/@types/yaml/-/yaml-1.9.7.tgz",
            "integrity": "sha512-8WMXRDD1D+wCohjfslHDgICd2JtMATZU8CkhH8LVJqcJs6dyYj5TGptzP8wApbmEullGBSsCEzzap73DQ1HJaA==",
            "deprecated": "This is a stub types definition. yaml provides its own type definitions, so you do not need this installed.",
            "dev": true,
            "dependencies": {
                "yaml": "*"
            }
        },
        "node_modules/typescript": {
            "version": "4.4.2",
            "resolved": "https://registry.npmjs.org/typescript/-/typescript-4.4.2.tgz",
            "integrity": "sha512-gzP+t5W4hdy4c+68bfcv0t400HVJMMd2+H9B7gae1nQlBzCqvrXX+6GL/b3GAgyTH966pzrZ70/fRjwAtZksSQ==",
            "bin": {
                "tsc": "bin/tsc",
                "tsserver": "bin/tsserver"
            },
            "engines": {
                "node": ">=4.2.0"
            }
        },
        "node_modules/yaml": {
            "version": "1.10.2",
            "resolved": "https://registry.npmjs.org/yaml/-/yaml-1.10.2.tgz",
            "integrity": "sha512-r3vXyErRCYJ7wg28yvBY5VSoAF8ZvlcW9/BwUzEtUsjvX/DKs24dIkuwjtuprwJJHsbyUbLApepYTR1BN4uHrg==",
            "engines": {
                "node": ">= 6"
            }
        }
    },
    "dependencies": {
        "@types/node": {
            "version": "16.7.6",
            "resolved": "https://registry.npmjs.org/@types/node/-/node-16.7.6.tgz",
            "integrity": "sha512-VESVNFoa/ahYA62xnLBjo5ur6gPsgEE5cNRy8SrdnkZ2nwJSW0kJ4ufbFr2zuU9ALtHM8juY53VcRoTA7htXSg==",
            "dev": true
        },
        "@types/yaml": {
            "version": "1.9.7",
            "resolved": "https://registry.npmjs.org/@types/yaml/-/yaml-1.9.7.tgz",
            "integrity": "sha512-8WMXRDD1D+wCohjfslHDgICd2JtMATZU8CkhH8LVJqcJs6dyYj5TGptzP8wApbmEullGBSsCEzzap73DQ1HJaA==",
            "dev": true,
            "requires": {
                "yaml": "*"
            }
        },
        "typescript": {
            "version": "4.4.2",
            "resolved": "https://registry.npmjs.org/typescript/-/typescript-4.4.2.tgz",
            "integrity": "sha512-gzP+t5W4hdy4c+68bfcv0t400HVJMMd2+H9B7gae1nQlBzCqvrXX+6GL/b3GAgyTH966pzrZ70/fRjwAtZksSQ=="
        },
        "yaml": {
            "version": "1.10.2",
            "resolved": "https://registry.npmjs.org/yaml/-/yaml-1.10.2.tgz",
            "integrity": "sha512-r3vXyErRCYJ7wg28yvBY5VSoAF8ZvlcW9/BwUzEtUsjvX/DKs24dIkuwjtuprwJJHsbyUbLApepYTR1BN4uHrg=="
        }
    }
}
